
Microsoft Visual Studio Solution File, Format Version 12.00
# Visual Studio 15
VisualStudioVersion = 15.0.26124.0
MinimumVisualStudioVersion = 15.0.26124.0
Project("{2150E333-8FDC-42A3-9474-1A3956D46DE8}") = "1 - Application", "1 - Application", "{5446D1D9-6020-436B-842F-CCEBB3642CF7}"
EndProject
Project("{2150E333-8FDC-42A3-9474-1A3956D46DE8}") = "2 - Domain", "2 - Domain", "{23FB8AA1-CBF4-4EB8-86D4-9A44858E6F38}"
EndProject
Project("{2150E333-8FDC-42A3-9474-1A3956D46DE8}") = "3 - Service", "3 - Service", "{5341F876-4581-4738-B256-20ED858F5B5E}"
EndProject
Project("{2150E333-8FDC-42A3-9474-1A3956D46DE8}") = "4 - Infra", "4 - Infra", "{4334F6F9-1C25-4C2E-B23F-FF60C91B817E}"
EndProject
Project("{2150E333-8FDC-42A3-9474-1A3956D46DE8}") = "4.1 - Data", "4.1 - Data", "{C8D68490-D93A-40E3-9F1A-A605116468E8}"
EndProject
Project("{2150E333-8FDC-42A3-9474-1A3956D46DE8}") = "4.2 - CrossCutting", "4.2 - CrossCutting", "{DD6D5373-2390-4C18-99F3-006128F6E0F6}"
EndProject
Project("{FAE04EC0-301F-11D3-BF4B-00C04F79EFBC}") = "Arch-Prototype.Domain", "Arch-Prototype.Domain\Arch-Prototype.Domain.csproj", "{8CC3C530-23EF-4841-B983-966CA730DCC9}"
EndProject
Project("{FAE04EC0-301F-11D3-BF4B-00C04F79EFBC}") = "Arch-Prototype.Application", "Arch-Prototype.Application\Arch-Prototype.Application.csproj", "{BB80232B-51E5-4BE0-BA09-46457A4E0A25}"
EndProject
Project("{FAE04EC0-301F-11D3-BF4B-00C04F79EFBC}") = "Arch-Prototype.Service", "Arch-Prototype.Service\Arch-Prototype.Service.csproj", "{DAADD92E-05F7-488E-8EAC-F203AF3814C2}"
EndProject
Project("{FAE04EC0-301F-11D3-BF4B-00C04F79EFBC}") = "Arch-Prototype.Infra.Data", "Arch-Prototype.Infra.Data\Arch-Prototype.Infra.Data.csproj", "{CD4A5B6B-2C2C-4177-8363-0E2703052DCD}"
EndProject
Project("{FAE04EC0-301F-11D3-BF4B-00C04F79EFBC}") = "Arch-Prototype.Infra.CrossCutting", "Arch-Prototype.Infra.CrossCutting\Arch-Prototype.Infra.CrossCutting.csproj", "{16A3C18B-569F-480F-830F-CA303B6EF128}"
EndProject
Global
	GlobalSection(SolutionConfigurationPlatforms) = preSolution
		Debug|Any CPU = Debug|Any CPU
		Debug|x64 = Debug|x64
		Debug|x86 = Debug|x86
		Release|Any CPU = Release|Any CPU
		Release|x64 = Release|x64
		Release|x86 = Release|x86
	EndGlobalSection
	GlobalSection(SolutionProperties) = preSolution
		HideSolutionNode = FALSE
	EndGlobalSection
	GlobalSection(NestedProjects) = preSolution
		{C8D68490-D93A-40E3-9F1A-A605116468E8} = {4334F6F9-1C25-4C2E-B23F-FF60C91B817E}
		{DD6D5373-2390-4C18-99F3-006128F6E0F6} = {4334F6F9-1C25-4C2E-B23F-FF60C91B817E}
		{8CC3C530-23EF-4841-B983-966CA730DCC9} = {23FB8AA1-CBF4-4EB8-86D4-9A44858E6F38}
		{BB80232B-51E5-4BE0-BA09-46457A4E0A25} = {5446D1D9-6020-436B-842F-CCEBB3642CF7}
		{16A3C18B-569F-480F-830F-CA303B6EF128} = {DD6D5373-2390-4C18-99F3-006128F6E0F6}
		{CD4A5B6B-2C2C-4177-8363-0E2703052DCD} = {C8D68490-D93A-40E3-9F1A-A605116468E8}
		{DAADD92E-05F7-488E-8EAC-F203AF3814C2} = {5341F876-4581-4738-B256-20ED858F5B5E}
	EndGlobalSection
	GlobalSection(ProjectConfigurationPlatforms) = postSolution
		{8CC3C530-23EF-4841-B983-966CA730DCC9}.Debug|Any CPU.ActiveCfg = Debug|Any CPU
		{8CC3C530-23EF-4841-B983-966CA730DCC9}.Debug|Any CPU.Build.0 = Debug|Any CPU
		{8CC3C530-23EF-4841-B983-966CA730DCC9}.Debug|x64.ActiveCfg = Debug|Any CPU
		{8CC3C530-23EF-4841-B983-966CA730DCC9}.Debug|x64.Build.0 = Debug|Any CPU
		{8CC3C530-23EF-4841-B983-966CA730DCC9}.Debug|x86.ActiveCfg = Debug|Any CPU
		{8CC3C530-23EF-4841-B983-966CA730DCC9}.Debug|x86.Build.0 = Debug|Any CPU
		{8CC3C530-23EF-4841-B983-966CA730DCC9}.Release|Any CPU.ActiveCfg = Release|Any CPU
		{8CC3C530-23EF-4841-B983-966CA730DCC9}.Release|Any CPU.Build.0 = Release|Any CPU
		{8CC3C530-23EF-4841-B983-966CA730DCC9}.Release|x64.ActiveCfg = Release|Any CPU
		{8CC3C530-23EF-4841-B983-966CA730DCC9}.Release|x64.Build.0 = Release|Any CPU
		{8CC3C530-23EF-4841-B983-966CA730DCC9}.Release|x86.ActiveCfg = Release|Any CPU
		{8CC3C530-23EF-4841-B983-966CA730DCC9}.Release|x86.Build.0 = Release|Any CPU
		{BB80232B-51E5-4BE0-BA09-46457A4E0A25}.Debug|Any CPU.ActiveCfg = Debug|Any CPU
		{BB80232B-51E5-4BE0-BA09-46457A4E0A25}.Debug|Any CPU.Build.0 = Debug|Any CPU
		{BB80232B-51E5-4BE0-BA09-46457A4E0A25}.Debug|x64.ActiveCfg = Debug|Any CPU
		{BB80232B-51E5-4BE0-BA09-46457A4E0A25}.Debug|x64.Build.0 = Debug|Any CPU
		{BB80232B-51E5-4BE0-BA09-46457A4E0A25}.Debug|x86.ActiveCfg = Debug|Any CPU
		{BB80232B-51E5-4BE0-BA09-46457A4E0A25}.Debug|x86.Build.0 = Debug|Any CPU
		{BB80232B-51E5-4BE0-BA09-46457A4E0A25}.Release|Any CPU.ActiveCfg = Release|Any CPU
		{BB80232B-51E5-4BE0-BA09-46457A4E0A25}.Release|Any CPU.Build.0 = Release|Any CPU
		{BB80232B-51E5-4BE0-BA09-46457A4E0A25}.Release|x64.ActiveCfg = Release|Any CPU
		{BB80232B-51E5-4BE0-BA09-46457A4E0A25}.Release|x64.Build.0 = Release|Any CPU
		{BB80232B-51E5-4BE0-BA09-46457A4E0A25}.Release|x86.ActiveCfg = Release|Any CPU
		{BB80232B-51E5-4BE0-BA09-46457A4E0A25}.Release|x86.Build.0 = Release|Any CPU
		{DAADD92E-05F7-488E-8EAC-F203AF3814C2}.Debug|Any CPU.ActiveCfg = Debug|Any CPU
		{DAADD92E-05F7-488E-8EAC-F203AF3814C2}.Debug|Any CPU.Build.0 = Debug|Any CPU
		{DAADD92E-05F7-488E-8EAC-F203AF3814C2}.Debug|x64.ActiveCfg = Debug|Any CPU
		{DAADD92E-05F7-488E-8EAC-F203AF3814C2}.Debug|x64.Build.0 = Debug|Any CPU
		{DAADD92E-05F7-488E-8EAC-F203AF3814C2}.Debug|x86.ActiveCfg = Debug|Any CPU
		{DAADD92E-05F7-488E-8EAC-F203AF3814C2}.Debug|x86.Build.0 = Debug|Any CPU
		{DAADD92E-05F7-488E-8EAC-F203AF3814C2}.Release|Any CPU.ActiveCfg = Release|Any CPU
		{DAADD92E-05F7-488E-8EAC-F203AF3814C2}.Release|Any CPU.Build.0 = Release|Any CPU
		{DAADD92E-05F7-488E-8EAC-F203AF3814C2}.Release|x64.ActiveCfg = Release|Any CPU
		{DAADD92E-05F7-488E-8EAC-F203AF3814C2}.Release|x64.Build.0 = Release|Any CPU
		{DAADD92E-05F7-488E-8EAC-F203AF3814C2}.Release|x86.ActiveCfg = Release|Any CPU
		{DAADD92E-05F7-488E-8EAC-F203AF3814C2}.Release|x86.Build.0 = Release|Any CPU
		{CD4A5B6B-2C2C-4177-8363-0E2703052DCD}.Debug|Any CPU.ActiveCfg = Debug|Any CPU
		{CD4A5B6B-2C2C-4177-8363-0E2703052DCD}.Debug|Any CPU.Build.0 = Debug|Any CPU
		{CD4A5B6B-2C2C-4177-8363-0E2703052DCD}.Debug|x64.ActiveCfg = Debug|Any CPU
		{CD4A5B6B-2C2C-4177-8363-0E2703052DCD}.Debug|x64.Build.0 = Debug|Any CPU
		{CD4A5B6B-2C2C-4177-8363-0E2703052DCD}.Debug|x86.ActiveCfg = Debug|Any CPU
		{CD4A5B6B-2C2C-4177-8363-0E2703052DCD}.Debug|x86.Build.0 = Debug|Any CPU
		{CD4A5B6B-2C2C-4177-8363-0E2703052DCD}.Release|Any CPU.ActiveCfg = Release|Any CPU
		{CD4A5B6B-2C2C-4177-8363-0E2703052DCD}.Release|Any CPU.Build.0 = Release|Any CPU
		{CD4A5B6B-2C2C-4177-8363-0E2703052DCD}.Release|x64.ActiveCfg = Release|Any CPU
		{CD4A5B6B-2C2C-4177-8363-0E2703052DCD}.Release|x64.Build.0 = Release|Any CPU
		{CD4A5B6B-2C2C-4177-8363-0E2703052DCD}.Release|x86.ActiveCfg = Release|Any CPU
		{CD4A5B6B-2C2C-4177-8363-0E2703052DCD}.Release|x86.Build.0 = Release|Any CPU
		{16A3C18B-569F-480F-830F-CA303B6EF128}.Debug|Any CPU.ActiveCfg = Debug|Any CPU
		{16A3C18B-569F-480F-830F-CA303B6EF128}.Debug|Any CPU.Build.0 = Debug|Any CPU
		{16A3C18B-569F-480F-830F-CA303B6EF128}.Debug|x64.ActiveCfg = Debug|Any CPU
		{16A3C18B-569F-480F-830F-CA303B6EF128}.Debug|x64.Build.0 = Debug|Any CPU
		{16A3C18B-569F-480F-830F-CA303B6EF128}.Debug|x86.ActiveCfg = Debug|Any CPU
		{16A3C18B-569F-480F-830F-CA303B6EF128}.Debug|x86.Build.0 = Debug|Any CPU
		{16A3C18B-569F-480F-830F-CA303B6EF128}.Release|Any CPU.ActiveCfg = Release|Any CPU
		{16A3C18B-569F-480F-830F-CA303B6EF128}.Release|Any CPU.Build.0 = Release|Any CPU
		{16A3C18B-569F-480F-830F-CA303B6EF128}.Release|x64.ActiveCfg = Release|Any CPU
		{16A3C18B-569F-480F-830F-CA303B6EF128}.Release|x64.Build.0 = Release|Any CPU
		{16A3C18B-569F-480F-830F-CA303B6EF128}.Release|x86.ActiveCfg = Release|Any CPU
		{16A3C18B-569F-480F-830F-CA303B6EF128}.Release|x86.Build.0 = Release|Any CPU
	EndGlobalSection
EndGlobal
